
Microsoft Visual Studio Solution File, Format Version 12.00
# Visual Studio Version 16
VisualStudioVersion = 16.0.30523.141
MinimumVisualStudioVersion = 10.0.40219.1
Project("{FAE04EC0-301F-11D3-BF4B-00C04F79EFBC}") = "Alex Gheorghita - Software Programming Project", "Alex Gheorghita - Software Programming Project\Alex Gheorghita - Software Programming Project.csproj", "{ADAA0897-3D92-4A6E-9CB5-4F72CC807674}"
EndProject
Global
	GlobalSection(SolutionConfigurationPlatforms) = preSolution
		Debug|Any CPU = Debug|Any CPU
		Release|Any CPU = Release|Any CPU
	EndGlobalSection
	GlobalSection(ProjectConfigurationPlatforms) = postSolution
		{ADAA0897-3D92-4A6E-9CB5-4F72CC807674}.Debug|Any CPU.ActiveCfg = Debug|Any CPU
		{ADAA0897-3D92-4A6E-9CB5-4F72CC807674}.Debug|Any CPU.Build.0 = Debug|Any CPU
		{ADAA0897-3D92-4A6E-9CB5-4F72CC807674}.Release|Any CPU.ActiveCfg = Release|Any CPU
		{ADAA0897-3D92-4A6E-9CB5-4F72CC807674}.Release|Any CPU.Build.0 = Release|Any CPU
	EndGlobalSection
	GlobalSection(SolutionProperties) = preSolution
		HideSolutionNode = FALSE
	EndGlobalSection
	GlobalSection(ExtensibilityGlobals) = postSolution
		SolutionGuid = {71F65BBC-4801-4C1C-B896-79F052F67192}
	EndGlobalSection
EndGlobal
